
Microsoft Visual Studio Solution File, Format Version 12.00
# Visual Studio Version 16
VisualStudioVersion = 16.0.31112.23
MinimumVisualStudioVersion = 10.0.40219.1
Project("{9A19103F-16F7-4668-BE54-9A1E7A4F7556}") = "PrimeFactors", "PrimeFactors\PrimeFactors.csproj", "{00BF4C37-0538-480D-9B11-DD17A090868C}"
EndProject
Project("{FAE04EC0-301F-11D3-BF4B-00C04F79EFBC}") = "PrimeFactorsTest", "PrimeFactorsTest\PrimeFactorsTest.csproj", "{BBE35B70-CDCF-4989-9B3D-6C35F0D788FE}"
EndProject
Global
	GlobalSection(SolutionConfigurationPlatforms) = preSolution
		Debug|Any CPU = Debug|Any CPU
		Release|Any CPU = Release|Any CPU
	EndGlobalSection
	GlobalSection(ProjectConfigurationPlatforms) = postSolution
		{00BF4C37-0538-480D-9B11-DD17A090868C}.Debug|Any CPU.ActiveCfg = Debug|Any CPU
		{00BF4C37-0538-480D-9B11-DD17A090868C}.Debug|Any CPU.Build.0 = Debug|Any CPU
		{00BF4C37-0538-480D-9B11-DD17A090868C}.Release|Any CPU.ActiveCfg = Release|Any CPU
		{00BF4C37-0538-480D-9B11-DD17A090868C}.Release|Any CPU.Build.0 = Release|Any CPU
		{BBE35B70-CDCF-4989-9B3D-6C35F0D788FE}.Debug|Any CPU.ActiveCfg = Debug|Any CPU
		{BBE35B70-CDCF-4989-9B3D-6C35F0D788FE}.Debug|Any CPU.Build.0 = Debug|Any CPU
		{BBE35B70-CDCF-4989-9B3D-6C35F0D788FE}.Release|Any CPU.ActiveCfg = Release|Any CPU
		{BBE35B70-CDCF-4989-9B3D-6C35F0D788FE}.Release|Any CPU.Build.0 = Release|Any CPU
	EndGlobalSection
	GlobalSection(SolutionProperties) = preSolution
		HideSolutionNode = FALSE
	EndGlobalSection
	GlobalSection(ExtensibilityGlobals) = postSolution
		SolutionGuid = {C0551A05-7142-4456-999E-A3DBABBC3D63}
	EndGlobalSection
EndGlobal
