
Microsoft Visual Studio Solution File, Format Version 12.00
# Visual Studio Version 16
VisualStudioVersion = 16.0.31112.23
MinimumVisualStudioVersion = 10.0.40219.1
Project("{9A19103F-16F7-4668-BE54-9A1E7A4F7556}") = "TheZoo", "TheZoo\TheZoo.csproj", "{2427C547-1FDA-470E-8A19-1FC854F53885}"
EndProject
Project("{9A19103F-16F7-4668-BE54-9A1E7A4F7556}") = "TheZooClassLibrary", "TheZooClassLibrary\TheZooClassLibrary.csproj", "{575138D8-4794-459C-985C-14028B72CA71}"
EndProject
Global
	GlobalSection(SolutionConfigurationPlatforms) = preSolution
		Debug|Any CPU = Debug|Any CPU
		Release|Any CPU = Release|Any CPU
	EndGlobalSection
	GlobalSection(ProjectConfigurationPlatforms) = postSolution
		{2427C547-1FDA-470E-8A19-1FC854F53885}.Debug|Any CPU.ActiveCfg = Debug|Any CPU
		{2427C547-1FDA-470E-8A19-1FC854F53885}.Debug|Any CPU.Build.0 = Debug|Any CPU
		{2427C547-1FDA-470E-8A19-1FC854F53885}.Release|Any CPU.ActiveCfg = Release|Any CPU
		{2427C547-1FDA-470E-8A19-1FC854F53885}.Release|Any CPU.Build.0 = Release|Any CPU
		{575138D8-4794-459C-985C-14028B72CA71}.Debug|Any CPU.ActiveCfg = Debug|Any CPU
		{575138D8-4794-459C-985C-14028B72CA71}.Debug|Any CPU.Build.0 = Debug|Any CPU
		{575138D8-4794-459C-985C-14028B72CA71}.Release|Any CPU.ActiveCfg = Release|Any CPU
		{575138D8-4794-459C-985C-14028B72CA71}.Release|Any CPU.Build.0 = Release|Any CPU
	EndGlobalSection
	GlobalSection(SolutionProperties) = preSolution
		HideSolutionNode = FALSE
	EndGlobalSection
	GlobalSection(ExtensibilityGlobals) = postSolution
		SolutionGuid = {DF932C23-6B0A-4B6C-A32F-074235A41E86}
	EndGlobalSection
EndGlobal
