
Microsoft Visual Studio Solution File, Format Version 12.00
# Visual Studio Version 16
VisualStudioVersion = 16.0.31205.134
MinimumVisualStudioVersion = 10.0.40219.1
Project("{FAE04EC0-301F-11D3-BF4B-00C04F79EFBC}") = "WebAPITest", "WebAPITest\WebAPITest.csproj", "{2F32EE93-9CAD-456A-9816-A1A9B6086F1D}"
EndProject
Global
	GlobalSection(SolutionConfigurationPlatforms) = preSolution
		Debug|Any CPU = Debug|Any CPU
		Release|Any CPU = Release|Any CPU
	EndGlobalSection
	GlobalSection(ProjectConfigurationPlatforms) = postSolution
		{2F32EE93-9CAD-456A-9816-A1A9B6086F1D}.Debug|Any CPU.ActiveCfg = Debug|Any CPU
		{2F32EE93-9CAD-456A-9816-A1A9B6086F1D}.Debug|Any CPU.Build.0 = Debug|Any CPU
		{2F32EE93-9CAD-456A-9816-A1A9B6086F1D}.Release|Any CPU.ActiveCfg = Release|Any CPU
		{2F32EE93-9CAD-456A-9816-A1A9B6086F1D}.Release|Any CPU.Build.0 = Release|Any CPU
	EndGlobalSection
	GlobalSection(SolutionProperties) = preSolution
		HideSolutionNode = FALSE
	EndGlobalSection
	GlobalSection(ExtensibilityGlobals) = postSolution
		SolutionGuid = {947B7FD8-C7EB-4E64-B110-66B3D967DB46}
	EndGlobalSection
EndGlobal
