
Microsoft Visual Studio Solution File, Format Version 12.00
# Visual Studio Version 16
VisualStudioVersion = 16.0.31321.278
MinimumVisualStudioVersion = 10.0.40219.1
Project("{FAE04EC0-301F-11D3-BF4B-00C04F79EFBC}") = "RestaurantAPI", "RestaurantAPI\RestaurantAPI.csproj", "{470188B9-3A07-457A-9E42-2A532D6F7414}"
	ProjectSection(ProjectDependencies) = postProject
		{5D46182C-2568-42D4-9CFC-C2D9D46C5A83} = {5D46182C-2568-42D4-9CFC-C2D9D46C5A83}
	EndProjectSection
EndProject
Project("{FAE04EC0-301F-11D3-BF4B-00C04F79EFBC}") = "RestaurantAPI_DTO", "RestaurantAPI_DTO\RestaurantAPI_DTO.csproj", "{5D46182C-2568-42D4-9CFC-C2D9D46C5A83}"
EndProject
Global
	GlobalSection(SolutionConfigurationPlatforms) = preSolution
		Debug|Any CPU = Debug|Any CPU
		Release|Any CPU = Release|Any CPU
	EndGlobalSection
	GlobalSection(ProjectConfigurationPlatforms) = postSolution
		{470188B9-3A07-457A-9E42-2A532D6F7414}.Debug|Any CPU.ActiveCfg = Debug|Any CPU
		{470188B9-3A07-457A-9E42-2A532D6F7414}.Debug|Any CPU.Build.0 = Debug|Any CPU
		{470188B9-3A07-457A-9E42-2A532D6F7414}.Release|Any CPU.ActiveCfg = Release|Any CPU
		{470188B9-3A07-457A-9E42-2A532D6F7414}.Release|Any CPU.Build.0 = Release|Any CPU
		{5D46182C-2568-42D4-9CFC-C2D9D46C5A83}.Debug|Any CPU.ActiveCfg = Debug|Any CPU
		{5D46182C-2568-42D4-9CFC-C2D9D46C5A83}.Debug|Any CPU.Build.0 = Debug|Any CPU
		{5D46182C-2568-42D4-9CFC-C2D9D46C5A83}.Release|Any CPU.ActiveCfg = Release|Any CPU
		{5D46182C-2568-42D4-9CFC-C2D9D46C5A83}.Release|Any CPU.Build.0 = Release|Any CPU
	EndGlobalSection
	GlobalSection(SolutionProperties) = preSolution
		HideSolutionNode = FALSE
	EndGlobalSection
	GlobalSection(ExtensibilityGlobals) = postSolution
		SolutionGuid = {EB931193-7808-453A-83B7-17FD850DD10F}
	EndGlobalSection
EndGlobal
