
Microsoft Visual Studio Solution File, Format Version 12.00
# Visual Studio Version 16
VisualStudioVersion = 16.0.31112.23
MinimumVisualStudioVersion = 10.0.40219.1
Project("{FAE04EC0-301F-11D3-BF4B-00C04F79EFBC}") = "Northwind", "Northwind\Northwind.csproj", "{B5CD96B2-DF19-44A7-97FA-F008FF295A08}"
EndProject
Project("{FAE04EC0-301F-11D3-BF4B-00C04F79EFBC}") = "Helper", "Helper\Helper.csproj", "{8D985EE8-0CFE-4993-AC79-D4771F44B5E8}"
EndProject
Global
	GlobalSection(SolutionConfigurationPlatforms) = preSolution
		Debug|Any CPU = Debug|Any CPU
		Release|Any CPU = Release|Any CPU
	EndGlobalSection
	GlobalSection(ProjectConfigurationPlatforms) = postSolution
		{B5CD96B2-DF19-44A7-97FA-F008FF295A08}.Debug|Any CPU.ActiveCfg = Debug|Any CPU
		{B5CD96B2-DF19-44A7-97FA-F008FF295A08}.Debug|Any CPU.Build.0 = Debug|Any CPU
		{B5CD96B2-DF19-44A7-97FA-F008FF295A08}.Release|Any CPU.ActiveCfg = Release|Any CPU
		{B5CD96B2-DF19-44A7-97FA-F008FF295A08}.Release|Any CPU.Build.0 = Release|Any CPU
		{8D985EE8-0CFE-4993-AC79-D4771F44B5E8}.Debug|Any CPU.ActiveCfg = Debug|Any CPU
		{8D985EE8-0CFE-4993-AC79-D4771F44B5E8}.Debug|Any CPU.Build.0 = Debug|Any CPU
		{8D985EE8-0CFE-4993-AC79-D4771F44B5E8}.Release|Any CPU.ActiveCfg = Release|Any CPU
		{8D985EE8-0CFE-4993-AC79-D4771F44B5E8}.Release|Any CPU.Build.0 = Release|Any CPU
	EndGlobalSection
	GlobalSection(SolutionProperties) = preSolution
		HideSolutionNode = FALSE
	EndGlobalSection
	GlobalSection(ExtensibilityGlobals) = postSolution
		SolutionGuid = {5C624CBB-085F-4BCF-BE7A-B89D8B81F0B1}
	EndGlobalSection
EndGlobal
